// !$*UTF8*$!
{
	archiveVersion = 1;
	classes = {
	};
	objectVersion = 50;
	objects = {

/* Begin PBXGroup section */
		2ACC85222C5C7A3100370D12 = {
			isa = PBXGroup;
			children = (
			);
			sourceTree = "<group>";
		};
/* End PBXGroup section */

/* Begin PBXProject section */
		2ACC85232C5C7A3100370D12 /* Project object */ = {
			isa = PBXProject;
			attributes = {
				LastUpgradeCheck = 1000;
			};
			buildConfigurationList = 2ACC85262C5C7A3100370D12 /* Build configuration list for PBXProject "ESP8266-Door" */;
			compatibilityVersion = "Xcode 9.3";
			developmentRegion = en;
			hasScannedForEncodings = 0;
			knownRegions = (
				en,
			);
			mainGroup = 2ACC85222C5C7A3100370D12;
			projectDirPath = "";
			projectRoot = "";
			targets = (
			);
		};
/* End PBXProject section */

/* Begin XCBuildConfiguration section */
		2ACC85272C5C7A3100370D12 /* Debug */ = {
			isa = XCBuildConfiguration;
			buildSettings = {
			};
			name = Debug;
		};
		2ACC85282C5C7A3100370D12 /* Release */ = {
			isa = XCBuildConfiguration;
			buildSettings = {
			};
			name = Release;
		};
/* End XCBuildConfiguration section */

/* Begin XCConfigurationList section */
		2ACC85262C5C7A3100370D12 /* Build configuration list for PBXProject "ESP8266-Door" */ = {
			isa = XCConfigurationList;
			buildConfigurations = (
				2ACC85272C5C7A3100370D12 /* Debug */,
				2ACC85282C5C7A3100370D12 /* Release */,
			);
			defaultConfigurationIsVisible = 0;
			defaultConfigurationName = Release;
		};
/* End XCConfigurationList section */
	};
	rootObject = 2ACC85232C5C7A3100370D12 /* Project object */;
}
